
Microsoft Visual Studio Solution File, Format Version 12.00
# Visual Studio Version 17
VisualStudioVersion = 17.6.33815.320
MinimumVisualStudioVersion = 10.0.40219.1
Project("{FAE04EC0-301F-11D3-BF4B-00C04F79EFBC}") = "HelloCSharpWin", "HelloCSharpWin\HelloCSharpWin.csproj", "{AD0B5545-4635-4589-8CA0-768882471C91}"
EndProject
Global
	GlobalSection(SolutionConfigurationPlatforms) = preSolution
		Debug|Any CPU = Debug|Any CPU
		Release|Any CPU = Release|Any CPU
	EndGlobalSection
	GlobalSection(ProjectConfigurationPlatforms) = postSolution
		{AD0B5545-4635-4589-8CA0-768882471C91}.Debug|Any CPU.ActiveCfg = Debug|Any CPU
		{AD0B5545-4635-4589-8CA0-768882471C91}.Debug|Any CPU.Build.0 = Debug|Any CPU
		{AD0B5545-4635-4589-8CA0-768882471C91}.Release|Any CPU.ActiveCfg = Release|Any CPU
		{AD0B5545-4635-4589-8CA0-768882471C91}.Release|Any CPU.Build.0 = Release|Any CPU
	EndGlobalSection
	GlobalSection(SolutionProperties) = preSolution
		HideSolutionNode = FALSE
	EndGlobalSection
	GlobalSection(ExtensibilityGlobals) = postSolution
		SolutionGuid = {6FA9BD12-94A6-4BD8-BDB2-A013E526435A}
	EndGlobalSection
EndGlobal
